
Microsoft Visual Studio Solution File, Format Version 12.00
# Visual Studio Version 16
VisualStudioVersion = 16.0.30114.128
MinimumVisualStudioVersion = 10.0.40219.1
Project("{9A19103F-16F7-4668-BE54-9A1E7A4F7556}") = "DeveloperFramework.LogWindow", "DeveloperFramework\DeveloperFramework.LogWindow.csproj", "{DEE02F8E-08B7-4257-9242-D70680568DF1}"
EndProject
Project("{2150E333-8FDC-42A3-9474-1A3956D46DE8}") = "Core", "Core", "{FE3CE755-044A-4826-9016-5D3FBBF4FBB3}"
EndProject
Project("{9A19103F-16F7-4668-BE54-9A1E7A4F7556}") = "DeveloperFramework.Log.CQP", "DeveloperFramework.Log.CQP\DeveloperFramework.Log.CQP.csproj", "{4A981C1E-CD72-403B-B81A-7C223FDDEC3B}"
EndProject
Project("{2150E333-8FDC-42A3-9474-1A3956D46DE8}") = "Window", "Window", "{3A9D963D-A28D-4F5B-972A-38B76AF480FC}"
EndProject
Project("{2150E333-8FDC-42A3-9474-1A3956D46DE8}") = "Models", "Models", "{40FEA197-8334-43B9-BDE4-97332F685D4F}"
EndProject
Project("{2150E333-8FDC-42A3-9474-1A3956D46DE8}") = "Test", "Test", "{A27DEFE9-B76E-428B-A650-75D121B3AFBB}"
EndProject
Project("{2150E333-8FDC-42A3-9474-1A3956D46DE8}") = "Utilitys", "Utilitys", "{DD32CD92-2366-4C36-8A96-AB92D8DBA2B9}"
EndProject
Project("{2150E333-8FDC-42A3-9474-1A3956D46DE8}") = "Win32", "Win32", "{EB8BD71A-3B9E-4BC2-923A-7F682FB94DB9}"
EndProject
Project("{9A19103F-16F7-4668-BE54-9A1E7A4F7556}") = "DeveloperFramework.Win32.LibraryCLR", "DeveloperFramework.Win32.LibraryCLR\DeveloperFramework.Win32.LibraryCLR.csproj", "{DE074DEF-861C-4860-8F59-D4AA0B4D2196}"
EndProject
Project("{9A19103F-16F7-4668-BE54-9A1E7A4F7556}") = "DeveloperFramework.Utility", "DeveloperFramework.Utility\DeveloperFramework.Utility.csproj", "{0DC72CB2-D819-4028-9D86-B411AE7B80C7}"
EndProject
Project("{9A19103F-16F7-4668-BE54-9A1E7A4F7556}") = "DeveloperFramework.Extension", "DeveloperFramework.Extension\DeveloperFramework.Extension.csproj", "{CFF64DE4-FE3E-4ABC-8BB1-844A6D3C6999}"
EndProject
Project("{9A19103F-16F7-4668-BE54-9A1E7A4F7556}") = "TestApplication", "TestApplication\TestApplication.csproj", "{737B4793-9442-4627-BA55-6CA485030AE3}"
EndProject
Project("{9A19103F-16F7-4668-BE54-9A1E7A4F7556}") = "TestWPFApplication", "TestWPFApplication\TestWPFApplication.csproj", "{4E2E5A09-01B7-4C81-8535-0B30B6EB10B4}"
EndProject
Project("{9A19103F-16F7-4668-BE54-9A1E7A4F7556}") = "DeveloperFramework.CQP", "DeveloperFramework.CQP\DeveloperFramework.CQP.csproj", "{C79972BD-1E7B-4148-8B19-8A657F576A05}"
EndProject
Project("{9A19103F-16F7-4668-BE54-9A1E7A4F7556}") = "DeveloperFramework.Library.CQP", "DeveloperFramework.Library.CQP\DeveloperFramework.Library.CQP.csproj", "{E57D1902-8D46-4392-BAE0-A07A0E3B75C4}"
EndProject
Project("{9A19103F-16F7-4668-BE54-9A1E7A4F7556}") = "DeveloperFramework.Simulator.CQP", "DeveloperFramework.Simulator.CQP\DeveloperFramework.Simulator.CQP.csproj", "{CEA3ADDE-7954-47D8-ADF7-1F9E6E11E14F}"
EndProject
Project("{9A19103F-16F7-4668-BE54-9A1E7A4F7556}") = "DeveloperFramework.LibraryModel.CQP", "DeveloperFramework.LibraryModel.CQP\DeveloperFramework.LibraryModel.CQP.csproj", "{4512B6AD-3E66-48C5-A617-098B86894148}"
EndProject
Project("{9A19103F-16F7-4668-BE54-9A1E7A4F7556}") = "DeveloperFramework.SimulatorModel.CQP", "DeveloperFramework.SimulatorModel.CQP\DeveloperFramework.SimulatorModel.CQP.csproj", "{4FA8E01F-3641-4D15-899A-9E8B9773FDF9}"
EndProject
Global
	GlobalSection(SolutionConfigurationPlatforms) = preSolution
		Debug|Any CPU = Debug|Any CPU
		Debug|x86 = Debug|x86
		Release|Any CPU = Release|Any CPU
		Release|x86 = Release|x86
	EndGlobalSection
	GlobalSection(ProjectConfigurationPlatforms) = postSolution
		{DEE02F8E-08B7-4257-9242-D70680568DF1}.Debug|Any CPU.ActiveCfg = Debug|Any CPU
		{DEE02F8E-08B7-4257-9242-D70680568DF1}.Debug|Any CPU.Build.0 = Debug|Any CPU
		{DEE02F8E-08B7-4257-9242-D70680568DF1}.Debug|x86.ActiveCfg = Debug|x86
		{DEE02F8E-08B7-4257-9242-D70680568DF1}.Debug|x86.Build.0 = Debug|x86
		{DEE02F8E-08B7-4257-9242-D70680568DF1}.Release|Any CPU.ActiveCfg = Release|Any CPU
		{DEE02F8E-08B7-4257-9242-D70680568DF1}.Release|Any CPU.Build.0 = Release|Any CPU
		{DEE02F8E-08B7-4257-9242-D70680568DF1}.Release|x86.ActiveCfg = Release|x86
		{DEE02F8E-08B7-4257-9242-D70680568DF1}.Release|x86.Build.0 = Release|x86
		{4A981C1E-CD72-403B-B81A-7C223FDDEC3B}.Debug|Any CPU.ActiveCfg = Debug|Any CPU
		{4A981C1E-CD72-403B-B81A-7C223FDDEC3B}.Debug|Any CPU.Build.0 = Debug|Any CPU
		{4A981C1E-CD72-403B-B81A-7C223FDDEC3B}.Debug|x86.ActiveCfg = Debug|x86
		{4A981C1E-CD72-403B-B81A-7C223FDDEC3B}.Debug|x86.Build.0 = Debug|x86
		{4A981C1E-CD72-403B-B81A-7C223FDDEC3B}.Release|Any CPU.ActiveCfg = Release|Any CPU
		{4A981C1E-CD72-403B-B81A-7C223FDDEC3B}.Release|Any CPU.Build.0 = Release|Any CPU
		{4A981C1E-CD72-403B-B81A-7C223FDDEC3B}.Release|x86.ActiveCfg = Release|x86
		{4A981C1E-CD72-403B-B81A-7C223FDDEC3B}.Release|x86.Build.0 = Release|x86
		{DE074DEF-861C-4860-8F59-D4AA0B4D2196}.Debug|Any CPU.ActiveCfg = Debug|Any CPU
		{DE074DEF-861C-4860-8F59-D4AA0B4D2196}.Debug|Any CPU.Build.0 = Debug|Any CPU
		{DE074DEF-861C-4860-8F59-D4AA0B4D2196}.Debug|x86.ActiveCfg = Debug|x86
		{DE074DEF-861C-4860-8F59-D4AA0B4D2196}.Debug|x86.Build.0 = Debug|x86
		{DE074DEF-861C-4860-8F59-D4AA0B4D2196}.Release|Any CPU.ActiveCfg = Release|Any CPU
		{DE074DEF-861C-4860-8F59-D4AA0B4D2196}.Release|Any CPU.Build.0 = Release|Any CPU
		{DE074DEF-861C-4860-8F59-D4AA0B4D2196}.Release|x86.ActiveCfg = Release|x86
		{DE074DEF-861C-4860-8F59-D4AA0B4D2196}.Release|x86.Build.0 = Release|x86
		{0DC72CB2-D819-4028-9D86-B411AE7B80C7}.Debug|Any CPU.ActiveCfg = Debug|Any CPU
		{0DC72CB2-D819-4028-9D86-B411AE7B80C7}.Debug|Any CPU.Build.0 = Debug|Any CPU
		{0DC72CB2-D819-4028-9D86-B411AE7B80C7}.Debug|x86.ActiveCfg = Debug|x86
		{0DC72CB2-D819-4028-9D86-B411AE7B80C7}.Debug|x86.Build.0 = Debug|x86
		{0DC72CB2-D819-4028-9D86-B411AE7B80C7}.Release|Any CPU.ActiveCfg = Release|Any CPU
		{0DC72CB2-D819-4028-9D86-B411AE7B80C7}.Release|Any CPU.Build.0 = Release|Any CPU
		{0DC72CB2-D819-4028-9D86-B411AE7B80C7}.Release|x86.ActiveCfg = Release|x86
		{0DC72CB2-D819-4028-9D86-B411AE7B80C7}.Release|x86.Build.0 = Release|x86
		{CFF64DE4-FE3E-4ABC-8BB1-844A6D3C6999}.Debug|Any CPU.ActiveCfg = Debug|Any CPU
		{CFF64DE4-FE3E-4ABC-8BB1-844A6D3C6999}.Debug|Any CPU.Build.0 = Debug|Any CPU
		{CFF64DE4-FE3E-4ABC-8BB1-844A6D3C6999}.Debug|x86.ActiveCfg = Debug|x86
		{CFF64DE4-FE3E-4ABC-8BB1-844A6D3C6999}.Debug|x86.Build.0 = Debug|x86
		{CFF64DE4-FE3E-4ABC-8BB1-844A6D3C6999}.Release|Any CPU.ActiveCfg = Release|Any CPU
		{CFF64DE4-FE3E-4ABC-8BB1-844A6D3C6999}.Release|Any CPU.Build.0 = Release|Any CPU
		{CFF64DE4-FE3E-4ABC-8BB1-844A6D3C6999}.Release|x86.ActiveCfg = Release|x86
		{CFF64DE4-FE3E-4ABC-8BB1-844A6D3C6999}.Release|x86.Build.0 = Release|x86
		{737B4793-9442-4627-BA55-6CA485030AE3}.Debug|Any CPU.ActiveCfg = Debug|Any CPU
		{737B4793-9442-4627-BA55-6CA485030AE3}.Debug|Any CPU.Build.0 = Debug|Any CPU
		{737B4793-9442-4627-BA55-6CA485030AE3}.Debug|x86.ActiveCfg = Debug|x86
		{737B4793-9442-4627-BA55-6CA485030AE3}.Debug|x86.Build.0 = Debug|x86
		{737B4793-9442-4627-BA55-6CA485030AE3}.Release|Any CPU.ActiveCfg = Release|Any CPU
		{737B4793-9442-4627-BA55-6CA485030AE3}.Release|Any CPU.Build.0 = Release|Any CPU
		{737B4793-9442-4627-BA55-6CA485030AE3}.Release|x86.ActiveCfg = Release|x86
		{737B4793-9442-4627-BA55-6CA485030AE3}.Release|x86.Build.0 = Release|x86
		{4E2E5A09-01B7-4C81-8535-0B30B6EB10B4}.Debug|Any CPU.ActiveCfg = Debug|Any CPU
		{4E2E5A09-01B7-4C81-8535-0B30B6EB10B4}.Debug|Any CPU.Build.0 = Debug|Any CPU
		{4E2E5A09-01B7-4C81-8535-0B30B6EB10B4}.Debug|x86.ActiveCfg = Debug|x86
		{4E2E5A09-01B7-4C81-8535-0B30B6EB10B4}.Debug|x86.Build.0 = Debug|x86
		{4E2E5A09-01B7-4C81-8535-0B30B6EB10B4}.Release|Any CPU.ActiveCfg = Release|Any CPU
		{4E2E5A09-01B7-4C81-8535-0B30B6EB10B4}.Release|Any CPU.Build.0 = Release|Any CPU
		{4E2E5A09-01B7-4C81-8535-0B30B6EB10B4}.Release|x86.ActiveCfg = Release|x86
		{4E2E5A09-01B7-4C81-8535-0B30B6EB10B4}.Release|x86.Build.0 = Release|x86
		{C79972BD-1E7B-4148-8B19-8A657F576A05}.Debug|Any CPU.ActiveCfg = Debug|Any CPU
		{C79972BD-1E7B-4148-8B19-8A657F576A05}.Debug|Any CPU.Build.0 = Debug|Any CPU
		{C79972BD-1E7B-4148-8B19-8A657F576A05}.Debug|x86.ActiveCfg = Debug|x86
		{C79972BD-1E7B-4148-8B19-8A657F576A05}.Debug|x86.Build.0 = Debug|x86
		{C79972BD-1E7B-4148-8B19-8A657F576A05}.Release|Any CPU.ActiveCfg = Release|Any CPU
		{C79972BD-1E7B-4148-8B19-8A657F576A05}.Release|Any CPU.Build.0 = Release|Any CPU
		{C79972BD-1E7B-4148-8B19-8A657F576A05}.Release|x86.ActiveCfg = Release|x86
		{C79972BD-1E7B-4148-8B19-8A657F576A05}.Release|x86.Build.0 = Release|x86
		{E57D1902-8D46-4392-BAE0-A07A0E3B75C4}.Debug|Any CPU.ActiveCfg = Debug|Any CPU
		{E57D1902-8D46-4392-BAE0-A07A0E3B75C4}.Debug|Any CPU.Build.0 = Debug|Any CPU
		{E57D1902-8D46-4392-BAE0-A07A0E3B75C4}.Debug|x86.ActiveCfg = Debug|x86
		{E57D1902-8D46-4392-BAE0-A07A0E3B75C4}.Debug|x86.Build.0 = Debug|x86
		{E57D1902-8D46-4392-BAE0-A07A0E3B75C4}.Release|Any CPU.ActiveCfg = Release|Any CPU
		{E57D1902-8D46-4392-BAE0-A07A0E3B75C4}.Release|Any CPU.Build.0 = Release|Any CPU
		{E57D1902-8D46-4392-BAE0-A07A0E3B75C4}.Release|x86.ActiveCfg = Release|x86
		{E57D1902-8D46-4392-BAE0-A07A0E3B75C4}.Release|x86.Build.0 = Release|x86
		{CEA3ADDE-7954-47D8-ADF7-1F9E6E11E14F}.Debug|Any CPU.ActiveCfg = Debug|Any CPU
		{CEA3ADDE-7954-47D8-ADF7-1F9E6E11E14F}.Debug|Any CPU.Build.0 = Debug|Any CPU
		{CEA3ADDE-7954-47D8-ADF7-1F9E6E11E14F}.Debug|x86.ActiveCfg = Debug|x86
		{CEA3ADDE-7954-47D8-ADF7-1F9E6E11E14F}.Debug|x86.Build.0 = Debug|x86
		{CEA3ADDE-7954-47D8-ADF7-1F9E6E11E14F}.Release|Any CPU.ActiveCfg = Release|Any CPU
		{CEA3ADDE-7954-47D8-ADF7-1F9E6E11E14F}.Release|Any CPU.Build.0 = Release|Any CPU
		{CEA3ADDE-7954-47D8-ADF7-1F9E6E11E14F}.Release|x86.ActiveCfg = Release|x86
		{CEA3ADDE-7954-47D8-ADF7-1F9E6E11E14F}.Release|x86.Build.0 = Release|x86
		{4512B6AD-3E66-48C5-A617-098B86894148}.Debug|Any CPU.ActiveCfg = Debug|Any CPU
		{4512B6AD-3E66-48C5-A617-098B86894148}.Debug|Any CPU.Build.0 = Debug|Any CPU
		{4512B6AD-3E66-48C5-A617-098B86894148}.Debug|x86.ActiveCfg = Debug|x86
		{4512B6AD-3E66-48C5-A617-098B86894148}.Debug|x86.Build.0 = Debug|x86
		{4512B6AD-3E66-48C5-A617-098B86894148}.Release|Any CPU.ActiveCfg = Release|Any CPU
		{4512B6AD-3E66-48C5-A617-098B86894148}.Release|Any CPU.Build.0 = Release|Any CPU
		{4512B6AD-3E66-48C5-A617-098B86894148}.Release|x86.ActiveCfg = Release|x86
		{4512B6AD-3E66-48C5-A617-098B86894148}.Release|x86.Build.0 = Release|x86
		{4FA8E01F-3641-4D15-899A-9E8B9773FDF9}.Debug|Any CPU.ActiveCfg = Debug|Any CPU
		{4FA8E01F-3641-4D15-899A-9E8B9773FDF9}.Debug|Any CPU.Build.0 = Debug|Any CPU
		{4FA8E01F-3641-4D15-899A-9E8B9773FDF9}.Debug|x86.ActiveCfg = Debug|x86
		{4FA8E01F-3641-4D15-899A-9E8B9773FDF9}.Debug|x86.Build.0 = Debug|x86
		{4FA8E01F-3641-4D15-899A-9E8B9773FDF9}.Release|Any CPU.ActiveCfg = Release|Any CPU
		{4FA8E01F-3641-4D15-899A-9E8B9773FDF9}.Release|Any CPU.Build.0 = Release|Any CPU
		{4FA8E01F-3641-4D15-899A-9E8B9773FDF9}.Release|x86.ActiveCfg = Release|x86
		{4FA8E01F-3641-4D15-899A-9E8B9773FDF9}.Release|x86.Build.0 = Release|x86
	EndGlobalSection
	GlobalSection(SolutionProperties) = preSolution
		HideSolutionNode = FALSE
	EndGlobalSection
	GlobalSection(NestedProjects) = preSolution
		{DEE02F8E-08B7-4257-9242-D70680568DF1} = {3A9D963D-A28D-4F5B-972A-38B76AF480FC}
		{4A981C1E-CD72-403B-B81A-7C223FDDEC3B} = {FE3CE755-044A-4826-9016-5D3FBBF4FBB3}
		{DE074DEF-861C-4860-8F59-D4AA0B4D2196} = {EB8BD71A-3B9E-4BC2-923A-7F682FB94DB9}
		{0DC72CB2-D819-4028-9D86-B411AE7B80C7} = {DD32CD92-2366-4C36-8A96-AB92D8DBA2B9}
		{CFF64DE4-FE3E-4ABC-8BB1-844A6D3C6999} = {DD32CD92-2366-4C36-8A96-AB92D8DBA2B9}
		{737B4793-9442-4627-BA55-6CA485030AE3} = {A27DEFE9-B76E-428B-A650-75D121B3AFBB}
		{4E2E5A09-01B7-4C81-8535-0B30B6EB10B4} = {A27DEFE9-B76E-428B-A650-75D121B3AFBB}
		{C79972BD-1E7B-4148-8B19-8A657F576A05} = {FE3CE755-044A-4826-9016-5D3FBBF4FBB3}
		{E57D1902-8D46-4392-BAE0-A07A0E3B75C4} = {FE3CE755-044A-4826-9016-5D3FBBF4FBB3}
		{CEA3ADDE-7954-47D8-ADF7-1F9E6E11E14F} = {FE3CE755-044A-4826-9016-5D3FBBF4FBB3}
		{4512B6AD-3E66-48C5-A617-098B86894148} = {40FEA197-8334-43B9-BDE4-97332F685D4F}
		{4FA8E01F-3641-4D15-899A-9E8B9773FDF9} = {40FEA197-8334-43B9-BDE4-97332F685D4F}
	EndGlobalSection
	GlobalSection(ExtensibilityGlobals) = postSolution
		SolutionGuid = {568C00CE-33C1-4E92-B0F5-A49C68383282}
	EndGlobalSection
EndGlobal
